
Microsoft Visual Studio Solution File, Format Version 12.00
# Visual Studio Version 17
VisualStudioVersion = 17.4.33110.190
MinimumVisualStudioVersion = 10.0.40219.1
Project("{FAE04EC0-301F-11D3-BF4B-00C04F79EFBC}") = "Regexdemo", "Regexdemo.csproj", "{3E11DA73-A1DB-4C82-BA57-978DA24AAB0B}"
EndProject
Global
	GlobalSection(SolutionConfigurationPlatforms) = preSolution
		Debug|Any CPU = Debug|Any CPU
		Release|Any CPU = Release|Any CPU
	EndGlobalSection
	GlobalSection(ProjectConfigurationPlatforms) = postSolution
		{3E11DA73-A1DB-4C82-BA57-978DA24AAB0B}.Debug|Any CPU.ActiveCfg = Debug|Any CPU
		{3E11DA73-A1DB-4C82-BA57-978DA24AAB0B}.Debug|Any CPU.Build.0 = Debug|Any CPU
		{3E11DA73-A1DB-4C82-BA57-978DA24AAB0B}.Release|Any CPU.ActiveCfg = Release|Any CPU
		{3E11DA73-A1DB-4C82-BA57-978DA24AAB0B}.Release|Any CPU.Build.0 = Release|Any CPU
	EndGlobalSection
	GlobalSection(SolutionProperties) = preSolution
		HideSolutionNode = FALSE
	EndGlobalSection
	GlobalSection(ExtensibilityGlobals) = postSolution
		SolutionGuid = {4C335C80-088A-4586-8108-12E30AE98CCB}
	EndGlobalSection
EndGlobal
